// !$*UTF8*$!
{
	archiveVersion = 1;
	classes = {
	};
	objectVersion = 52;
	objects = {

/* Begin PBXBuildFile section */
		08E4243FF75A7AD7B98B93E1 /* Pods_YucatanXchangeStoryboard.framework in Frameworks */ = {isa = PBXBuildFile; fileRef = CB356D27A19D459E8A5DC8C4 /* Pods_YucatanXchangeStoryboard.framework */; };
		346CC8AE258CBDB100ADFD2E /* BuildFile in Frameworks */ = {isa = PBXBuildFile; productRef = 346CC8AD258CBDB100ADFD2E /* SwiftPackageProductDependency */; };
		346CC8B4258CBEE900ADFD2E /* UIViewWrapper.swift in Sources */ = {isa = PBXBuildFile; fileRef = 346CC8B3258CBEE900ADFD2E /* UIViewWrapper.swift */; };
		468D194D257F138800566347 /* AppDelegate.swift in Sources */ = {isa = PBXBuildFile; fileRef = 468D194C257F138800566347 /* AppDelegate.swift */; };
		468D194F257F138800566347 /* SceneDelegate.swift in Sources */ = {isa = PBXBuildFile; fileRef = 468D194E257F138800566347 /* SceneDelegate.swift */; };
		468D1954257F138800566347 /* Main.storyboard in Resources */ = {isa = PBXBuildFile; fileRef = 468D1952257F138800566347 /* Main.storyboard */; };
		468D1956257F138A00566347 /* Assets.xcassets in Resources */ = {isa = PBXBuildFile; fileRef = 468D1955257F138A00566347 /* Assets.xcassets */; };
		468D1959257F138A00566347 /* LaunchScreen.storyboard in Resources */ = {isa = PBXBuildFile; fileRef = 468D1957257F138A00566347 /* LaunchScreen.storyboard */; };
		468D196F257F15F400566347 /* CustomViews.swift in Sources */ = {isa = PBXBuildFile; fileRef = 468D196E257F15F400566347 /* CustomViews.swift */; };
		46E826422592531F00DFF195 /* NewsItem.swift in Sources */ = {isa = PBXBuildFile; fileRef = 46E826412592531F00DFF195 /* NewsItem.swift */; };
		46E826452592539E00DFF195 /* NewsStore.swift in Sources */ = {isa = PBXBuildFile; fileRef = 46E826442592539E00DFF195 /* NewsStore.swift */; };
		46E826492592547B00DFF195 /* NewsFeedTableViewController.swift in Sources */ = {isa = PBXBuildFile; fileRef = 46E826482592547B00DFF195 /* NewsFeedTableViewController.swift */; };
		46E8264C259254D000DFF195 /* WenderViewSafariController.swift in Sources */ = {isa = PBXBuildFile; fileRef = 46E8264B259254D000DFF195 /* WenderViewSafariController.swift */; };
		46E826562592A64A00DFF195 /* GoogleService-Info.plist in Resources */ = {isa = PBXBuildFile; fileRef = 46E826552592A64A00DFF195 /* GoogleService-Info.plist */; };
/* End PBXBuildFile section */

/* Begin PBXFileReference section */
		1A1422CF0F011492098A04EA /* Pods-YucatanXchangeStoryboard.release.xcconfig */ = {isa = PBXFileReference; includeInIndex = 1; lastKnownFileType = text.xcconfig; name = "Pods-YucatanXchangeStoryboard.release.xcconfig"; path = "Target Support Files/Pods-YucatanXchangeStoryboard/Pods-YucatanXchangeStoryboard.release.xcconfig"; sourceTree = "<group>"; };
		346CC8B3258CBEE900ADFD2E /* UIViewWrapper.swift */ = {isa = PBXFileReference; fileEncoding = 4; lastKnownFileType = sourcecode.swift; path = UIViewWrapper.swift; sourceTree = "<group>"; };
		456BC31B61CF43FA707A8104 /* Pods-YucatanXchangeStoryboard.debug.xcconfig */ = {isa = PBXFileReference; includeInIndex = 1; lastKnownFileType = text.xcconfig; name = "Pods-YucatanXchangeStoryboard.debug.xcconfig"; path = "Target Support Files/Pods-YucatanXchangeStoryboard/Pods-YucatanXchangeStoryboard.debug.xcconfig"; sourceTree = "<group>"; };
		468D1949257F138800566347 /* YucatanXchangeStoryboard.app */ = {isa = PBXFileReference; explicitFileType = wrapper.application; includeInIndex = 0; path = YucatanXchangeStoryboard.app; sourceTree = BUILT_PRODUCTS_DIR; };
		468D194C257F138800566347 /* AppDelegate.swift */ = {isa = PBXFileReference; lastKnownFileType = sourcecode.swift; path = AppDelegate.swift; sourceTree = "<group>"; };
		468D194E257F138800566347 /* SceneDelegate.swift */ = {isa = PBXFileReference; lastKnownFileType = sourcecode.swift; path = SceneDelegate.swift; sourceTree = "<group>"; };
		468D1953257F138800566347 /* Base */ = {isa = PBXFileReference; lastKnownFileType = file.storyboard; name = Base; path = Base.lproj/Main.storyboard; sourceTree = "<group>"; };
		468D1955257F138A00566347 /* Assets.xcassets */ = {isa = PBXFileReference; lastKnownFileType = folder.assetcatalog; path = Assets.xcassets; sourceTree = "<group>"; };
		468D1958257F138A00566347 /* Base */ = {isa = PBXFileReference; lastKnownFileType = file.storyboard; name = Base; path = Base.lproj/LaunchScreen.storyboard; sourceTree = "<group>"; };
		468D195A257F138A00566347 /* Info.plist */ = {isa = PBXFileReference; lastKnownFileType = text.plist.xml; path = Info.plist; sourceTree = "<group>"; };
		468D196E257F15F400566347 /* CustomViews.swift */ = {isa = PBXFileReference; lastKnownFileType = sourcecode.swift; path = CustomViews.swift; sourceTree = "<group>"; };
		46E8263E2591959B00DFF195 /* YucatanXchangeStoryboard.entitlements */ = {isa = PBXFileReference; lastKnownFileType = text.plist.entitlements; path = YucatanXchangeStoryboard.entitlements; sourceTree = "<group>"; };
		46E826412592531F00DFF195 /* NewsItem.swift */ = {isa = PBXFileReference; lastKnownFileType = sourcecode.swift; path = NewsItem.swift; sourceTree = "<group>"; };
		46E826442592539E00DFF195 /* NewsStore.swift */ = {isa = PBXFileReference; lastKnownFileType = sourcecode.swift; path = NewsStore.swift; sourceTree = "<group>"; };
		46E826482592547B00DFF195 /* NewsFeedTableViewController.swift */ = {isa = PBXFileReference; lastKnownFileType = sourcecode.swift; path = NewsFeedTableViewController.swift; sourceTree = "<group>"; };
		46E8264B259254D000DFF195 /* WenderViewSafariController.swift */ = {isa = PBXFileReference; lastKnownFileType = sourcecode.swift; path = WenderViewSafariController.swift; sourceTree = "<group>"; };
		46E826552592A64A00DFF195 /* GoogleService-Info.plist */ = {isa = PBXFileReference; fileEncoding = 4; lastKnownFileType = text.plist.xml; name = "GoogleService-Info.plist"; path = "../../../../../../GoogleService-Info.plist"; sourceTree = "<group>"; };
		CB356D27A19D459E8A5DC8C4 /* Pods_YucatanXchangeStoryboard.framework */ = {isa = PBXFileReference; explicitFileType = wrapper.framework; includeInIndex = 0; path = Pods_YucatanXchangeStoryboard.framework; sourceTree = BUILT_PRODUCTS_DIR; };
/* End PBXFileReference section */

/* Begin PBXFrameworksBuildPhase section */
		468D1946257F138800566347 /* Frameworks */ = {
			isa = PBXFrameworksBuildPhase;
			buildActionMask = 2147483647;
			files = (
				346CC8AE258CBDB100ADFD2E /* BuildFile in Frameworks */,
				08E4243FF75A7AD7B98B93E1 /* Pods_YucatanXchangeStoryboard.framework in Frameworks */,
			);
			runOnlyForDeploymentPostprocessing = 0;
		};
/* End PBXFrameworksBuildPhase section */

/* Begin PBXGroup section */
		243F460C0B39FC22AB91AC97 /* Frameworks */ = {
			isa = PBXGroup;
			children = (
				CB356D27A19D459E8A5DC8C4 /* Pods_YucatanXchangeStoryboard.framework */,
			);
			name = Frameworks;
			sourceTree = "<group>";
		};
		468D1940257F138800566347 = {
			isa = PBXGroup;
			children = (
				468D194B257F138800566347 /* YucatanXchangeStoryboard */,
				468D194A257F138800566347 /* Products */,
				75DF2F9DB5FCE0F8B419238D /* Pods */,
				243F460C0B39FC22AB91AC97 /* Frameworks */,
			);
			sourceTree = "<group>";
		};
		468D194A257F138800566347 /* Products */ = {
			isa = PBXGroup;
			children = (
				468D1949257F138800566347 /* YucatanXchangeStoryboard.app */,
			);
			name = Products;
			sourceTree = "<group>";
		};
		468D194B257F138800566347 /* YucatanXchangeStoryboard */ = {
			isa = PBXGroup;
			children = (
				46E8263E2591959B00DFF195 /* YucatanXchangeStoryboard.entitlements */,
				468D1965257F153700566347 /* CustomViews */,
				468D1964257F151300566347 /* Views */,
				468D194E257F138800566347 /* SceneDelegate.swift */,
				468D194C257F138800566347 /* AppDelegate.swift */,
				468D1952257F138800566347 /* Main.storyboard */,
				468D1955257F138A00566347 /* Assets.xcassets */,
				468D1957257F138A00566347 /* LaunchScreen.storyboard */,
				46E826552592A64A00DFF195 /* GoogleService-Info.plist */,
				468D195A257F138A00566347 /* Info.plist */,
			);
			path = YucatanXchangeStoryboard;
			sourceTree = "<group>";
		};
		468D1964257F151300566347 /* Views */ = {
			isa = PBXGroup;
			children = (
				346CC8B3258CBEE900ADFD2E /* UIViewWrapper.swift */,
			);
			path = Views;
			sourceTree = "<group>";
		};
		468D1965257F153700566347 /* CustomViews */ = {
			isa = PBXGroup;
			children = (
				468D196E257F15F400566347 /* CustomViews.swift */,
				46E826412592531F00DFF195 /* NewsItem.swift */,
				46E826442592539E00DFF195 /* NewsStore.swift */,
				46E826482592547B00DFF195 /* NewsFeedTableViewController.swift */,
				46E8264B259254D000DFF195 /* WenderViewSafariController.swift */,
			);
			path = CustomViews;
			sourceTree = "<group>";
		};
		75DF2F9DB5FCE0F8B419238D /* Pods */ = {
			isa = PBXGroup;
			children = (
				456BC31B61CF43FA707A8104 /* Pods-YucatanXchangeStoryboard.debug.xcconfig */,
				1A1422CF0F011492098A04EA /* Pods-YucatanXchangeStoryboard.release.xcconfig */,
			);
			path = Pods;
			sourceTree = "<group>";
		};
/* End PBXGroup section */

/* Begin PBXNativeTarget section */
		468D1948257F138800566347 /* YucatanXchangeStoryboard */ = {
			isa = PBXNativeTarget;
			buildConfigurationList = 468D195D257F138A00566347 /* Build configuration list for PBXNativeTarget "YucatanXchangeStoryboard" */;
			buildPhases = (
				4ED54B8C70F2D8314BE034BF /* [CP] Check Pods Manifest.lock */,
				468D1945257F138800566347 /* Sources */,
				468D1946257F138800566347 /* Frameworks */,
				468D1947257F138800566347 /* Resources */,
				968CE6FC758E84FCA6F129D1 /* [CP] Embed Pods Frameworks */,
			);
			buildRules = (
			);
			dependencies = (
			);
			name = YucatanXchangeStoryboard;
			packageProductDependencies = (
				346CC8AD258CBDB100ADFD2E /* SwiftPackageProductDependency */,
			);
			productName = YucatanXchangeStoryboard;
			productReference = 468D1949257F138800566347 /* YucatanXchangeStoryboard.app */;
			productType = "com.apple.product-type.application";
		};
/* End PBXNativeTarget section */

/* Begin PBXProject section */
		468D1941257F138800566347 /* Project object */ = {
			isa = PBXProject;
			attributes = {
				LastSwiftUpdateCheck = 1220;
				LastUpgradeCheck = 1220;
				TargetAttributes = {
					468D1948257F138800566347 = {
						CreatedOnToolsVersion = 12.2;
					};
				};
			};
			buildConfigurationList = 468D1944257F138800566347 /* Build configuration list for PBXProject "YucatanXchangeStoryboard" */;
			compatibilityVersion = "Xcode 9.3";
			developmentRegion = en;
			hasScannedForEncodings = 0;
			knownRegions = (
				en,
				Base,
			);
			mainGroup = 468D1940257F138800566347;
			packageReferences = (
				346CC8AC258CBDB100ADFD2E /* RemoteSwiftPackageReference */,
			);
			productRefGroup = 468D194A257F138800566347 /* Products */;
			projectDirPath = "";
			projectRoot = "";
			targets = (
				468D1948257F138800566347 /* YucatanXchangeStoryboard */,
			);
		};
/* End PBXProject section */

/* Begin PBXResourcesBuildPhase section */
		468D1947257F138800566347 /* Resources */ = {
			isa = PBXResourcesBuildPhase;
			buildActionMask = 2147483647;
			files = (
				468D1959257F138A00566347 /* LaunchScreen.storyboard in Resources */,
				46E826562592A64A00DFF195 /* GoogleService-Info.plist in Resources */,
				468D1956257F138A00566347 /* Assets.xcassets in Resources */,
				468D1954257F138800566347 /* Main.storyboard in Resources */,
			);
			runOnlyForDeploymentPostprocessing = 0;
		};
/* End PBXResourcesBuildPhase section */

/* Begin PBXShellScriptBuildPhase section */
		4ED54B8C70F2D8314BE034BF /* [CP] Check Pods Manifest.lock */ = {
			isa = PBXShellScriptBuildPhase;
			buildActionMask = 2147483647;
			files = (
			);
			inputFileListPaths = (
			);
			inputPaths = (
				"${PODS_PODFILE_DIR_PATH}/Podfile.lock",
				"${PODS_ROOT}/Manifest.lock",
			);
			name = "[CP] Check Pods Manifest.lock";
			outputFileListPaths = (
			);
			outputPaths = (
				"$(DERIVED_FILE_DIR)/Pods-YucatanXchangeStoryboard-checkManifestLockResult.txt",
			);
			runOnlyForDeploymentPostprocessing = 0;
			shellPath = /bin/sh;
			shellScript = "diff \"${PODS_PODFILE_DIR_PATH}/Podfile.lock\" \"${PODS_ROOT}/Manifest.lock\" > /dev/null\nif [ $? != 0 ] ; then\n    # print error to STDERR\n    echo \"error: The sandbox is not in sync with the Podfile.lock. Run 'pod install' or update your CocoaPods installation.\" >&2\n    exit 1\nfi\n# This output is used by Xcode 'outputs' to avoid re-running this script phase.\necho \"SUCCESS\" > \"${SCRIPT_OUTPUT_FILE_0}\"\n";
			showEnvVarsInLog = 0;
		};
		968CE6FC758E84FCA6F129D1 /* [CP] Embed Pods Frameworks */ = {
			isa = PBXShellScriptBuildPhase;
			buildActionMask = 2147483647;
			files = (
			);
			inputFileListPaths = (
				"${PODS_ROOT}/Target Support Files/Pods-YucatanXchangeStoryboard/Pods-YucatanXchangeStoryboard-frameworks-${CONFIGURATION}-input-files.xcfilelist",
			);
			name = "[CP] Embed Pods Frameworks";
			outputFileListPaths = (
				"${PODS_ROOT}/Target Support Files/Pods-YucatanXchangeStoryboard/Pods-YucatanXchangeStoryboard-frameworks-${CONFIGURATION}-output-files.xcfilelist",
			);
			runOnlyForDeploymentPostprocessing = 0;
			shellPath = /bin/sh;
			shellScript = "\"${PODS_ROOT}/Target Support Files/Pods-YucatanXchangeStoryboard/Pods-YucatanXchangeStoryboard-frameworks.sh\"\n";
			showEnvVarsInLog = 0;
		};
/* End PBXShellScriptBuildPhase section */

/* Begin PBXSourcesBuildPhase section */
		468D1945257F138800566347 /* Sources */ = {
			isa = PBXSourcesBuildPhase;
			buildActionMask = 2147483647;
			files = (
				346CC8B4258CBEE900ADFD2E /* UIViewWrapper.swift in Sources */,
				46E826492592547B00DFF195 /* NewsFeedTableViewController.swift in Sources */,
				46E8264C259254D000DFF195 /* WenderViewSafariController.swift in Sources */,
				468D194D257F138800566347 /* AppDelegate.swift in Sources */,
				46E826452592539E00DFF195 /* NewsStore.swift in Sources */,
				468D196F257F15F400566347 /* CustomViews.swift in Sources */,
				468D194F257F138800566347 /* SceneDelegate.swift in Sources */,
				46E826422592531F00DFF195 /* NewsItem.swift in Sources */,
			);
			runOnlyForDeploymentPostprocessing = 0;
		};
/* End PBXSourcesBuildPhase section */

/* Begin PBXVariantGroup section */
		468D1952257F138800566347 /* Main.storyboard */ = {
			isa = PBXVariantGroup;
			children = (
				468D1953257F138800566347 /* Base */,
			);
			name = Main.storyboard;
			sourceTree = "<group>";
		};
		468D1957257F138A00566347 /* LaunchScreen.storyboard */ = {
			isa = PBXVariantGroup;
			children = (
				468D1958257F138A00566347 /* Base */,
			);
			name = LaunchScreen.storyboard;
			sourceTree = "<group>";
		};
/* End PBXVariantGroup section */

/* Begin XCBuildConfiguration section */
		468D195B257F138A00566347 /* Debug */ = {
			isa = XCBuildConfiguration;
			buildSettings = {
				ALWAYS_SEARCH_USER_PATHS = NO;
				CLANG_ANALYZER_NONNULL = YES;
				CLANG_ANALYZER_NUMBER_OBJECT_CONVERSION = YES_AGGRESSIVE;
				CLANG_CXX_LANGUAGE_STANDARD = "gnu++14";
				CLANG_CXX_LIBRARY = "libc++";
				CLANG_ENABLE_MODULES = YES;
				CLANG_ENABLE_OBJC_ARC = YES;
				CLANG_ENABLE_OBJC_WEAK = YES;
				CLANG_WARN_BLOCK_CAPTURE_AUTORELEASING = YES;
				CLANG_WARN_BOOL_CONVERSION = YES;
				CLANG_WARN_COMMA = YES;
				CLANG_WARN_CONSTANT_CONVERSION = YES;
				CLANG_WARN_DEPRECATED_OBJC_IMPLEMENTATIONS = YES;
				CLANG_WARN_DIRECT_OBJC_ISA_USAGE = YES_ERROR;
				CLANG_WARN_DOCUMENTATION_COMMENTS = YES;
				CLANG_WARN_EMPTY_BODY = YES;
				CLANG_WARN_ENUM_CONVERSION = YES;
				CLANG_WARN_INFINITE_RECURSION = YES;
				CLANG_WARN_INT_CONVERSION = YES;
				CLANG_WARN_NON_LITERAL_NULL_CONVERSION = YES;
				CLANG_WARN_OBJC_IMPLICIT_RETAIN_SELF = YES;
				CLANG_WARN_OBJC_LITERAL_CONVERSION = YES;
				CLANG_WARN_OBJC_ROOT_CLASS = YES_ERROR;
				CLANG_WARN_QUOTED_INCLUDE_IN_FRAMEWORK_HEADER = YES;
				CLANG_WARN_RANGE_LOOP_ANALYSIS = YES;
				CLANG_WARN_STRICT_PROTOTYPES = YES;
				CLANG_WARN_SUSPICIOUS_MOVE = YES;
				CLANG_WARN_UNGUARDED_AVAILABILITY = YES_AGGRESSIVE;
				CLANG_WARN_UNREACHABLE_CODE = YES;
				CLANG_WARN__DUPLICATE_METHOD_MATCH = YES;
				COPY_PHASE_STRIP = NO;
				DEBUG_INFORMATION_FORMAT = dwarf;
				ENABLE_STRICT_OBJC_MSGSEND = YES;
				ENABLE_TESTABILITY = YES;
				GCC_C_LANGUAGE_STANDARD = gnu11;
				GCC_DYNAMIC_NO_PIC = NO;
				GCC_NO_COMMON_BLOCKS = YES;
				GCC_OPTIMIZATION_LEVEL = 0;
				GCC_PREPROCESSOR_DEFINITIONS = (
					"DEBUG=1",
					"$(inherited)",
				);
				GCC_WARN_64_TO_32_BIT_CONVERSION = YES;
				GCC_WARN_ABOUT_RETURN_TYPE = YES_ERROR;
				GCC_WARN_UNDECLARED_SELECTOR = YES;
				GCC_WARN_UNINITIALIZED_AUTOS = YES_AGGRESSIVE;
				GCC_WARN_UNUSED_FUNCTION = YES;
				GCC_WARN_UNUSED_VARIABLE = YES;
				IPHONEOS_DEPLOYMENT_TARGET = 14.0;
				MTL_ENABLE_DEBUG_INFO = INCLUDE_SOURCE;
				MTL_FAST_MATH = YES;
				ONLY_ACTIVE_ARCH = YES;
				SDKROOT = iphoneos;
				SWIFT_ACTIVE_COMPILATION_CONDITIONS = DEBUG;
				SWIFT_OPTIMIZATION_LEVEL = "-Onone";
			};
			name = Debug;
		};
		468D195C257F138A00566347 /* Release */ = {
			isa = XCBuildConfiguration;
			buildSettings = {
				ALWAYS_SEARCH_USER_PATHS = NO;
				CLANG_ANALYZER_NONNULL = YES;
				CLANG_ANALYZER_NUMBER_OBJECT_CONVERSION = YES_AGGRESSIVE;
				CLANG_CXX_LANGUAGE_STANDARD = "gnu++14";
				CLANG_CXX_LIBRARY = "libc++";
				CLANG_ENABLE_MODULES = YES;
				CLANG_ENABLE_OBJC_ARC = YES;
				CLANG_ENABLE_OBJC_WEAK = YES;
				CLANG_WARN_BLOCK_CAPTURE_AUTORELEASING = YES;
				CLANG_WARN_BOOL_CONVERSION = YES;
				CLANG_WARN_COMMA = YES;
				CLANG_WARN_CONSTANT_CONVERSION = YES;
				CLANG_WARN_DEPRECATED_OBJC_IMPLEMENTATIONS = YES;
				CLANG_WARN_DIRECT_OBJC_ISA_USAGE = YES_ERROR;
				CLANG_WARN_DOCUMENTATION_COMMENTS = YES;
				CLANG_WARN_EMPTY_BODY = YES;
				CLANG_WARN_ENUM_CONVERSION = YES;
				CLANG_WARN_INFINITE_RECURSION = YES;
				CLANG_WARN_INT_CONVERSION = YES;
				CLANG_WARN_NON_LITERAL_NULL_CONVERSION = YES;
				CLANG_WARN_OBJC_IMPLICIT_RETAIN_SELF = YES;
				CLANG_WARN_OBJC_LITERAL_CONVERSION = YES;
				CLANG_WARN_OBJC_ROOT_CLASS = YES_ERROR;
				CLANG_WARN_QUOTED_INCLUDE_IN_FRAMEWORK_HEADER = YES;
				CLANG_WARN_RANGE_LOOP_ANALYSIS = YES;
				CLANG_WARN_STRICT_PROTOTYPES = YES;
				CLANG_WARN_SUSPICIOUS_MOVE = YES;
				CLANG_WARN_UNGUARDED_AVAILABILITY = YES_AGGRESSIVE;
				CLANG_WARN_UNREACHABLE_CODE = YES;
				CLANG_WARN__DUPLICATE_METHOD_MATCH = YES;
				COPY_PHASE_STRIP = NO;
				DEBUG_INFORMATION_FORMAT = "dwarf-with-dsym";
				ENABLE_NS_ASSERTIONS = NO;
				ENABLE_STRICT_OBJC_MSGSEND = YES;
				GCC_C_LANGUAGE_STANDARD = gnu11;
				GCC_NO_COMMON_BLOCKS = YES;
				GCC_WARN_64_TO_32_BIT_CONVERSION = YES;
				GCC_WARN_ABOUT_RETURN_TYPE = YES_ERROR;
				GCC_WARN_UNDECLARED_SELECTOR = YES;
				GCC_WARN_UNINITIALIZED_AUTOS = YES_AGGRESSIVE;
				GCC_WARN_UNUSED_FUNCTION = YES;
				GCC_WARN_UNUSED_VARIABLE = YES;
				IPHONEOS_DEPLOYMENT_TARGET = 14.0;
				MTL_ENABLE_DEBUG_INFO = NO;
				MTL_FAST_MATH = YES;
				SDKROOT = iphoneos;
				SWIFT_COMPILATION_MODE = wholemodule;
				SWIFT_OPTIMIZATION_LEVEL = "-O";
				VALIDATE_PRODUCT = YES;
			};
			name = Release;
		};
		468D195E257F138A00566347 /* Debug */ = {
			isa = XCBuildConfiguration;
			baseConfigurationReference = 456BC31B61CF43FA707A8104 /* Pods-YucatanXchangeStoryboard.debug.xcconfig */;
			buildSettings = {
				ASSETCATALOG_COMPILER_APPICON_NAME = AppIcon;
				ASSETCATALOG_COMPILER_GLOBAL_ACCENT_COLOR_NAME = AccentColor;
				CODE_SIGN_ENTITLEMENTS = YucatanXchangeStoryboard/YucatanXchangeStoryboard.entitlements;
				CODE_SIGN_STYLE = Automatic;
				DEVELOPMENT_TEAM = GYWURP5G4S;
				EXCLUDED_RECURSIVE_SEARCH_PATH_SUBDIRECTORIES = "$(inherited)";
				FRAMEWORK_SEARCH_PATHS = "$(inherited)";
				HEADER_SEARCH_PATHS = "$(inherited)";
				INCLUDED_RECURSIVE_SEARCH_PATH_SUBDIRECTORIES = "$(inherited)";
				INFOPLIST_FILE = YucatanXchangeStoryboard/Info.plist;
				LD_RUNPATH_SEARCH_PATHS = (
					"$(inherited)",
					"@executable_path/Frameworks",
				);
				MARKETING_VERSION = 1.1;
				PRODUCT_BUNDLE_IDENTIFIER = com.beyondconfident.YucatanXchange;
				PRODUCT_NAME = "$(TARGET_NAME)";
				SWIFT_VERSION = 5.0;
				TARGETED_DEVICE_FAMILY = "1,2";
			};
			name = Debug;
		};
		468D195F257F138A00566347 /* Release */ = {
			isa = XCBuildConfiguration;
			baseConfigurationReference = 1A1422CF0F011492098A04EA /* Pods-YucatanXchangeStoryboard.release.xcconfig */;
			buildSettings = {
				ASSETCATALOG_COMPILER_APPICON_NAME = AppIcon;
				ASSETCATALOG_COMPILER_GLOBAL_ACCENT_COLOR_NAME = AccentColor;
				CODE_SIGN_ENTITLEMENTS = YucatanXchangeStoryboard/YucatanXchangeStoryboard.entitlements;
				CODE_SIGN_STYLE = Automatic;
				DEVELOPMENT_TEAM = GYWURP5G4S;
				EXCLUDED_RECURSIVE_SEARCH_PATH_SUBDIRECTORIES = "$(inherited)";
				FRAMEWORK_SEARCH_PATHS = "$(inherited)";
				HEADER_SEARCH_PATHS = "$(inherited)";
				INCLUDED_RECURSIVE_SEARCH_PATH_SUBDIRECTORIES = "$(inherited)";
				INFOPLIST_FILE = YucatanXchangeStoryboard/Info.plist;
				LD_RUNPATH_SEARCH_PATHS = (
					"$(inherited)",
					"@executable_path/Frameworks",
				);
				MARKETING_VERSION = 1.1;
				ONLY_ACTIVE_ARCH = NO;
				PRODUCT_BUNDLE_IDENTIFIER = com.beyondconfident.YucatanXchange;
				PRODUCT_NAME = "$(TARGET_NAME)";
				SWIFT_VERSION = 5.0;
				TARGETED_DEVICE_FAMILY = "1,2";
				USE_HEADERMAP = NO;
			};
			name = Release;
		};
/* End XCBuildConfiguration section */

/* Begin XCConfigurationList section */
		468D1944257F138800566347 /* Build configuration list for PBXProject "YucatanXchangeStoryboard" */ = {
			isa = XCConfigurationList;
			buildConfigurations = (
				468D195B257F138A00566347 /* Debug */,
				468D195C257F138A00566347 /* Release */,
			);
			defaultConfigurationIsVisible = 0;
			defaultConfigurationName = Release;
		};
		468D195D257F138A00566347 /* Build configuration list for PBXNativeTarget "YucatanXchangeStoryboard" */ = {
			isa = XCConfigurationList;
			buildConfigurations = (
				468D195E257F138A00566347 /* Debug */,
				468D195F257F138A00566347 /* Release */,
			);
			defaultConfigurationIsVisible = 0;
			defaultConfigurationName = Release;
		};
/* End XCConfigurationList section */

/* Begin XCRemoteSwiftPackageReference section */
		346CC8AC258CBDB100ADFD2E /* RemoteSwiftPackageReference */ = {
			isa = XCRemoteSwiftPackageReference;
			repositoryURL = "https://github.com/ernesto-elsaesser/WebArchiver";
			requirement = {
				kind = upToNextMajorVersion;
				minimumVersion = 1.0.1;
			};
		};
/* End XCRemoteSwiftPackageReference section */

/* Begin XCSwiftPackageProductDependency section */
		346CC8AD258CBDB100ADFD2E /* SwiftPackageProductDependency */ = {
			isa = XCSwiftPackageProductDependency;
			package = 346CC8AC258CBDB100ADFD2E /* RemoteSwiftPackageReference */;
			productName = WebArchiver;
		};
/* End XCSwiftPackageProductDependency section */
	};
	rootObject = 468D1941257F138800566347 /* Project object */;
}
